
Microsoft Visual Studio Solution File, Format Version 12.00
# Visual Studio Version 17
VisualStudioVersion = 17.7.34221.43
MinimumVisualStudioVersion = 10.0.40219.1
Project("{9A19103F-16F7-4668-BE54-9A1E7A4F7556}") = "Demo1", "Demo1\Demo1.csproj", "{8E7CA8FC-F8D6-4CDA-936C-F41303F6BA8F}"
EndProject
Project("{FAE04EC0-301F-11D3-BF4B-00C04F79EFBC}") = "9.1", "9.1\9.1.csproj", "{FA3C8AB0-6301-4459-B150-97E50AFD5A98}"
EndProject
Global
	GlobalSection(SolutionConfigurationPlatforms) = preSolution
		Debug|Any CPU = Debug|Any CPU
		Release|Any CPU = Release|Any CPU
	EndGlobalSection
	GlobalSection(ProjectConfigurationPlatforms) = postSolution
		{8E7CA8FC-F8D6-4CDA-936C-F41303F6BA8F}.Debug|Any CPU.ActiveCfg = Debug|Any CPU
		{8E7CA8FC-F8D6-4CDA-936C-F41303F6BA8F}.Debug|Any CPU.Build.0 = Debug|Any CPU
		{8E7CA8FC-F8D6-4CDA-936C-F41303F6BA8F}.Release|Any CPU.ActiveCfg = Release|Any CPU
		{8E7CA8FC-F8D6-4CDA-936C-F41303F6BA8F}.Release|Any CPU.Build.0 = Release|Any CPU
		{FA3C8AB0-6301-4459-B150-97E50AFD5A98}.Debug|Any CPU.ActiveCfg = Debug|Any CPU
		{FA3C8AB0-6301-4459-B150-97E50AFD5A98}.Debug|Any CPU.Build.0 = Debug|Any CPU
		{FA3C8AB0-6301-4459-B150-97E50AFD5A98}.Release|Any CPU.ActiveCfg = Release|Any CPU
		{FA3C8AB0-6301-4459-B150-97E50AFD5A98}.Release|Any CPU.Build.0 = Release|Any CPU
	EndGlobalSection
	GlobalSection(SolutionProperties) = preSolution
		HideSolutionNode = FALSE
	EndGlobalSection
	GlobalSection(ExtensibilityGlobals) = postSolution
		SolutionGuid = {088945DA-7905-42B9-81DA-8B2212946838}
	EndGlobalSection
EndGlobal
