
Microsoft Visual Studio Solution File, Format Version 12.00
# Visual Studio Version 17
VisualStudioVersion = 17.7.34202.233
MinimumVisualStudioVersion = 10.0.40219.1
Project("{FAE04EC0-301F-11D3-BF4B-00C04F79EFBC}") = "de1", "de1\de1.csproj", "{D5125991-EDD1-4C1B-9751-0B7A5B20014D}"
EndProject
Global
	GlobalSection(SolutionConfigurationPlatforms) = preSolution
		Debug|Any CPU = Debug|Any CPU
		Release|Any CPU = Release|Any CPU
	EndGlobalSection
	GlobalSection(ProjectConfigurationPlatforms) = postSolution
		{D5125991-EDD1-4C1B-9751-0B7A5B20014D}.Debug|Any CPU.ActiveCfg = Debug|Any CPU
		{D5125991-EDD1-4C1B-9751-0B7A5B20014D}.Debug|Any CPU.Build.0 = Debug|Any CPU
		{D5125991-EDD1-4C1B-9751-0B7A5B20014D}.Release|Any CPU.ActiveCfg = Release|Any CPU
		{D5125991-EDD1-4C1B-9751-0B7A5B20014D}.Release|Any CPU.Build.0 = Release|Any CPU
	EndGlobalSection
	GlobalSection(SolutionProperties) = preSolution
		HideSolutionNode = FALSE
	EndGlobalSection
	GlobalSection(ExtensibilityGlobals) = postSolution
		SolutionGuid = {B54BE623-A90C-4C05-9189-7F5732D58BE7}
	EndGlobalSection
EndGlobal
