
Microsoft Visual Studio Solution File, Format Version 12.00
# Visual Studio Version 17
VisualStudioVersion = 17.7.34031.279
MinimumVisualStudioVersion = 10.0.40219.1
Project("{FAE04EC0-301F-11D3-BF4B-00C04F79EFBC}") = "LuyenTapj", "LuyenTapj.csproj", "{E868DF12-222D-44BD-962C-9B30C00F06FB}"
EndProject
Global
	GlobalSection(SolutionConfigurationPlatforms) = preSolution
		Debug|Any CPU = Debug|Any CPU
		Release|Any CPU = Release|Any CPU
	EndGlobalSection
	GlobalSection(ProjectConfigurationPlatforms) = postSolution
		{E868DF12-222D-44BD-962C-9B30C00F06FB}.Debug|Any CPU.ActiveCfg = Debug|Any CPU
		{E868DF12-222D-44BD-962C-9B30C00F06FB}.Debug|Any CPU.Build.0 = Debug|Any CPU
		{E868DF12-222D-44BD-962C-9B30C00F06FB}.Release|Any CPU.ActiveCfg = Release|Any CPU
		{E868DF12-222D-44BD-962C-9B30C00F06FB}.Release|Any CPU.Build.0 = Release|Any CPU
	EndGlobalSection
	GlobalSection(SolutionProperties) = preSolution
		HideSolutionNode = FALSE
	EndGlobalSection
	GlobalSection(ExtensibilityGlobals) = postSolution
		SolutionGuid = {7E7E2411-6327-40E0-A499-231535F56379}
	EndGlobalSection
EndGlobal
