
Microsoft Visual Studio Solution File, Format Version 12.00
# Visual Studio Version 17
VisualStudioVersion = 17.8.34322.80
MinimumVisualStudioVersion = 10.0.40219.1
Project("{FAE04EC0-301F-11D3-BF4B-00C04F79EFBC}") = "de2", "de2\de2.csproj", "{87006D12-4B3E-4747-B391-2559B83B6261}"
EndProject
Global
	GlobalSection(SolutionConfigurationPlatforms) = preSolution
		Debug|Any CPU = Debug|Any CPU
		Release|Any CPU = Release|Any CPU
	EndGlobalSection
	GlobalSection(ProjectConfigurationPlatforms) = postSolution
		{87006D12-4B3E-4747-B391-2559B83B6261}.Debug|Any CPU.ActiveCfg = Debug|Any CPU
		{87006D12-4B3E-4747-B391-2559B83B6261}.Debug|Any CPU.Build.0 = Debug|Any CPU
		{87006D12-4B3E-4747-B391-2559B83B6261}.Release|Any CPU.ActiveCfg = Release|Any CPU
		{87006D12-4B3E-4747-B391-2559B83B6261}.Release|Any CPU.Build.0 = Release|Any CPU
	EndGlobalSection
	GlobalSection(SolutionProperties) = preSolution
		HideSolutionNode = FALSE
	EndGlobalSection
	GlobalSection(ExtensibilityGlobals) = postSolution
		SolutionGuid = {40739CD2-8FE9-4D96-BABE-24F396992420}
	EndGlobalSection
EndGlobal
